
Microsoft Visual Studio Solution File, Format Version 12.00
# Visual Studio Version 17
VisualStudioVersion = 17.11.35222.181
MinimumVisualStudioVersion = 10.0.40219.1
Project("{8BC9CEB8-8B4A-11D0-8D11-00A0C91BC942}") = "Chapter6Project", "Chapter6Project.vcxproj", "{4CE25469-DFB3-472B-B8D0-44A6512A5DEC}"
EndProject
Global
	GlobalSection(SolutionConfigurationPlatforms) = preSolution
		Debug|x64 = Debug|x64
		Debug|x86 = Debug|x86
		Release|x64 = Release|x64
		Release|x86 = Release|x86
	EndGlobalSection
	GlobalSection(ProjectConfigurationPlatforms) = postSolution
		{4CE25469-DFB3-472B-B8D0-44A6512A5DEC}.Debug|x64.ActiveCfg = Debug|x64
		{4CE25469-DFB3-472B-B8D0-44A6512A5DEC}.Debug|x64.Build.0 = Debug|x64
		{4CE25469-DFB3-472B-B8D0-44A6512A5DEC}.Debug|x86.ActiveCfg = Debug|Win32
		{4CE25469-DFB3-472B-B8D0-44A6512A5DEC}.Debug|x86.Build.0 = Debug|Win32
		{4CE25469-DFB3-472B-B8D0-44A6512A5DEC}.Release|x64.ActiveCfg = Release|x64
		{4CE25469-DFB3-472B-B8D0-44A6512A5DEC}.Release|x64.Build.0 = Release|x64
		{4CE25469-DFB3-472B-B8D0-44A6512A5DEC}.Release|x86.ActiveCfg = Release|Win32
		{4CE25469-DFB3-472B-B8D0-44A6512A5DEC}.Release|x86.Build.0 = Release|Win32
	EndGlobalSection
	GlobalSection(SolutionProperties) = preSolution
		HideSolutionNode = FALSE
	EndGlobalSection
	GlobalSection(ExtensibilityGlobals) = postSolution
		SolutionGuid = {C473C9F8-124E-4FD1-8A9C-73128046A70A}
	EndGlobalSection
EndGlobal
